
Microsoft Visual Studio Solution File, Format Version 12.00
# Visual Studio Version 16
VisualStudioVersion = 16.0.30523.141
MinimumVisualStudioVersion = 10.0.40219.1
Project("{9A19103F-16F7-4668-BE54-9A1E7A4F7556}") = "PetStoreTest", "PetStoreTest\PetStoreTest.csproj", "{315C4720-03B5-46F0-A21E-042F67E23AF3}"
EndProject
Project("{FAE04EC0-301F-11D3-BF4B-00C04F79EFBC}") = "PetApiLib", "PetApiLib\PetApiLib.csproj", "{480638DD-551B-4893-9501-01587CC315B2}"
EndProject
Global
	GlobalSection(SolutionConfigurationPlatforms) = preSolution
		Debug|Any CPU = Debug|Any CPU
		Release|Any CPU = Release|Any CPU
	EndGlobalSection
	GlobalSection(ProjectConfigurationPlatforms) = postSolution
		{315C4720-03B5-46F0-A21E-042F67E23AF3}.Debug|Any CPU.ActiveCfg = Debug|Any CPU
		{315C4720-03B5-46F0-A21E-042F67E23AF3}.Debug|Any CPU.Build.0 = Debug|Any CPU
		{315C4720-03B5-46F0-A21E-042F67E23AF3}.Release|Any CPU.ActiveCfg = Release|Any CPU
		{315C4720-03B5-46F0-A21E-042F67E23AF3}.Release|Any CPU.Build.0 = Release|Any CPU
		{480638DD-551B-4893-9501-01587CC315B2}.Debug|Any CPU.ActiveCfg = Debug|Any CPU
		{480638DD-551B-4893-9501-01587CC315B2}.Debug|Any CPU.Build.0 = Debug|Any CPU
		{480638DD-551B-4893-9501-01587CC315B2}.Release|Any CPU.ActiveCfg = Release|Any CPU
		{480638DD-551B-4893-9501-01587CC315B2}.Release|Any CPU.Build.0 = Release|Any CPU
	EndGlobalSection
	GlobalSection(SolutionProperties) = preSolution
		HideSolutionNode = FALSE
	EndGlobalSection
	GlobalSection(ExtensibilityGlobals) = postSolution
		SolutionGuid = {F0F91EA8-D8F6-4329-81EE-06D00CB65DC6}
	EndGlobalSection
EndGlobal
